// !$*UTF8*$!
{
	archiveVersion = 1;
	classes = {
	};
	objectVersion = 56;
	objects = {

/* Begin PBXBuildFile section */
		2A76587B2AB794B3006AF0F3 /* RazeCore in Frameworks */ = {isa = PBXBuildFile; productRef = 2A76587A2AB794B3006AF0F3 /* RazeCore */; };
		2A76587C2AB794B3006AF0F3 /* RazeCore in Embed Frameworks */ = {isa = PBXBuildFile; productRef = 2A76587A2AB794B3006AF0F3 /* RazeCore */; settings = {ATTRIBUTES = (CodeSignOnCopy, ); }; };
		2AC08A662AB78518000CF9A4 /* AppDelegate.swift in Sources */ = {isa = PBXBuildFile; fileRef = 2AC08A652AB78518000CF9A4 /* AppDelegate.swift */; };
		2AC08A682AB78518000CF9A4 /* SceneDelegate.swift in Sources */ = {isa = PBXBuildFile; fileRef = 2AC08A672AB78518000CF9A4 /* SceneDelegate.swift */; };
		2AC08A6A2AB78518000CF9A4 /* ViewController.swift in Sources */ = {isa = PBXBuildFile; fileRef = 2AC08A692AB78518000CF9A4 /* ViewController.swift */; };
		2AC08A6D2AB78518000CF9A4 /* Main.storyboard in Resources */ = {isa = PBXBuildFile; fileRef = 2AC08A6B2AB78518000CF9A4 /* Main.storyboard */; };
		2AC08A6F2AB7851A000CF9A4 /* Assets.xcassets in Resources */ = {isa = PBXBuildFile; fileRef = 2AC08A6E2AB7851A000CF9A4 /* Assets.xcassets */; };
		2AC08A722AB7851A000CF9A4 /* LaunchScreen.storyboard in Resources */ = {isa = PBXBuildFile; fileRef = 2AC08A702AB7851A000CF9A4 /* LaunchScreen.storyboard */; };
/* End PBXBuildFile section */

/* Begin PBXCopyFilesBuildPhase section */
		2A76587D2AB794B3006AF0F3 /* Embed Frameworks */ = {
			isa = PBXCopyFilesBuildPhase;
			buildActionMask = 2147483647;
			dstPath = "";
			dstSubfolderSpec = 10;
			files = (
				2A76587C2AB794B3006AF0F3 /* RazeCore in Embed Frameworks */,
			);
			name = "Embed Frameworks";
			runOnlyForDeploymentPostprocessing = 0;
		};
/* End PBXCopyFilesBuildPhase section */

/* Begin PBXFileReference section */
		2AC08A622AB78518000CF9A4 /* RazeCoreTesting.app */ = {isa = PBXFileReference; explicitFileType = wrapper.application; includeInIndex = 0; path = RazeCoreTesting.app; sourceTree = BUILT_PRODUCTS_DIR; };
		2AC08A652AB78518000CF9A4 /* AppDelegate.swift */ = {isa = PBXFileReference; lastKnownFileType = sourcecode.swift; path = AppDelegate.swift; sourceTree = "<group>"; };
		2AC08A672AB78518000CF9A4 /* SceneDelegate.swift */ = {isa = PBXFileReference; lastKnownFileType = sourcecode.swift; path = SceneDelegate.swift; sourceTree = "<group>"; };
		2AC08A692AB78518000CF9A4 /* ViewController.swift */ = {isa = PBXFileReference; lastKnownFileType = sourcecode.swift; path = ViewController.swift; sourceTree = "<group>"; };
		2AC08A6C2AB78518000CF9A4 /* Base */ = {isa = PBXFileReference; lastKnownFileType = file.storyboard; name = Base; path = Base.lproj/Main.storyboard; sourceTree = "<group>"; };
		2AC08A6E2AB7851A000CF9A4 /* Assets.xcassets */ = {isa = PBXFileReference; lastKnownFileType = folder.assetcatalog; path = Assets.xcassets; sourceTree = "<group>"; };
		2AC08A712AB7851A000CF9A4 /* Base */ = {isa = PBXFileReference; lastKnownFileType = file.storyboard; name = Base; path = Base.lproj/LaunchScreen.storyboard; sourceTree = "<group>"; };
		2AC08A732AB7851A000CF9A4 /* Info.plist */ = {isa = PBXFileReference; lastKnownFileType = text.plist.xml; path = Info.plist; sourceTree = "<group>"; };
/* End PBXFileReference section */

/* Begin PBXFrameworksBuildPhase section */
		2AC08A5F2AB78518000CF9A4 /* Frameworks */ = {
			isa = PBXFrameworksBuildPhase;
			buildActionMask = 2147483647;
			files = (
				2A76587B2AB794B3006AF0F3 /* RazeCore in Frameworks */,
			);
			runOnlyForDeploymentPostprocessing = 0;
		};
/* End PBXFrameworksBuildPhase section */

/* Begin PBXGroup section */
		2A7658792AB794B3006AF0F3 /* Frameworks */ = {
			isa = PBXGroup;
			children = (
			);
			name = Frameworks;
			sourceTree = "<group>";
		};
		2AC08A592AB78518000CF9A4 = {
			isa = PBXGroup;
			children = (
				2AC08A7A2AB785DC000CF9A4 /* Packages */,
				2AC08A642AB78518000CF9A4 /* RazeCoreTesting */,
				2AC08A632AB78518000CF9A4 /* Products */,
				2A7658792AB794B3006AF0F3 /* Frameworks */,
			);
			sourceTree = "<group>";
		};
		2AC08A632AB78518000CF9A4 /* Products */ = {
			isa = PBXGroup;
			children = (
				2AC08A622AB78518000CF9A4 /* RazeCoreTesting.app */,
			);
			name = Products;
			sourceTree = "<group>";
		};
		2AC08A642AB78518000CF9A4 /* RazeCoreTesting */ = {
			isa = PBXGroup;
			children = (
				2AC08A652AB78518000CF9A4 /* AppDelegate.swift */,
				2AC08A672AB78518000CF9A4 /* SceneDelegate.swift */,
				2AC08A692AB78518000CF9A4 /* ViewController.swift */,
				2AC08A6B2AB78518000CF9A4 /* Main.storyboard */,
				2AC08A6E2AB7851A000CF9A4 /* Assets.xcassets */,
				2AC08A702AB7851A000CF9A4 /* LaunchScreen.storyboard */,
				2AC08A732AB7851A000CF9A4 /* Info.plist */,
			);
			path = RazeCoreTesting;
			sourceTree = "<group>";
		};
		2AC08A7A2AB785DC000CF9A4 /* Packages */ = {
			isa = PBXGroup;
			children = (
			);
			name = Packages;
			sourceTree = "<group>";
		};
/* End PBXGroup section */

/* Begin PBXNativeTarget section */
		2AC08A612AB78518000CF9A4 /* RazeCoreTesting */ = {
			isa = PBXNativeTarget;
			buildConfigurationList = 2AC08A762AB7851A000CF9A4 /* Build configuration list for PBXNativeTarget "RazeCoreTesting" */;
			buildPhases = (
				2AC08A5E2AB78518000CF9A4 /* Sources */,
				2AC08A5F2AB78518000CF9A4 /* Frameworks */,
				2AC08A602AB78518000CF9A4 /* Resources */,
				2A76587D2AB794B3006AF0F3 /* Embed Frameworks */,
			);
			buildRules = (
			);
			dependencies = (
			);
			name = RazeCoreTesting;
			packageProductDependencies = (
				2A76587A2AB794B3006AF0F3 /* RazeCore */,
			);
			productName = RazeCoreTesting;
			productReference = 2AC08A622AB78518000CF9A4 /* RazeCoreTesting.app */;
			productType = "com.apple.product-type.application";
		};
/* End PBXNativeTarget section */

/* Begin PBXProject section */
		2AC08A5A2AB78518000CF9A4 /* Project object */ = {
			isa = PBXProject;
			attributes = {
				BuildIndependentTargetsInParallel = 1;
				LastSwiftUpdateCheck = 1430;
				LastUpgradeCheck = 1430;
				TargetAttributes = {
					2AC08A612AB78518000CF9A4 = {
						CreatedOnToolsVersion = 14.3;
					};
				};
			};
			buildConfigurationList = 2AC08A5D2AB78518000CF9A4 /* Build configuration list for PBXProject "RazeCoreTesting" */;
			compatibilityVersion = "Xcode 14.0";
			developmentRegion = en;
			hasScannedForEncodings = 0;
			knownRegions = (
				en,
				Base,
			);
			mainGroup = 2AC08A592AB78518000CF9A4;
			packageReferences = (
				2AC08A792AB78575000CF9A4 /* XCRemoteSwiftPackageReference "RazeCore" */,
			);
			productRefGroup = 2AC08A632AB78518000CF9A4 /* Products */;
			projectDirPath = "";
			projectRoot = "";
			targets = (
				2AC08A612AB78518000CF9A4 /* RazeCoreTesting */,
			);
		};
/* End PBXProject section */

/* Begin PBXResourcesBuildPhase section */
		2AC08A602AB78518000CF9A4 /* Resources */ = {
			isa = PBXResourcesBuildPhase;
			buildActionMask = 2147483647;
			files = (
				2AC08A722AB7851A000CF9A4 /* LaunchScreen.storyboard in Resources */,
				2AC08A6F2AB7851A000CF9A4 /* Assets.xcassets in Resources */,
				2AC08A6D2AB78518000CF9A4 /* Main.storyboard in Resources */,
			);
			runOnlyForDeploymentPostprocessing = 0;
		};
/* End PBXResourcesBuildPhase section */

/* Begin PBXSourcesBuildPhase section */
		2AC08A5E2AB78518000CF9A4 /* Sources */ = {
			isa = PBXSourcesBuildPhase;
			buildActionMask = 2147483647;
			files = (
				2AC08A6A2AB78518000CF9A4 /* ViewController.swift in Sources */,
				2AC08A662AB78518000CF9A4 /* AppDelegate.swift in Sources */,
				2AC08A682AB78518000CF9A4 /* SceneDelegate.swift in Sources */,
			);
			runOnlyForDeploymentPostprocessing = 0;
		};
/* End PBXSourcesBuildPhase section */

/* Begin PBXVariantGroup section */
		2AC08A6B2AB78518000CF9A4 /* Main.storyboard */ = {
			isa = PBXVariantGroup;
			children = (
				2AC08A6C2AB78518000CF9A4 /* Base */,
			);
			name = Main.storyboard;
			sourceTree = "<group>";
		};
		2AC08A702AB7851A000CF9A4 /* LaunchScreen.storyboard */ = {
			isa = PBXVariantGroup;
			children = (
				2AC08A712AB7851A000CF9A4 /* Base */,
			);
			name = LaunchScreen.storyboard;
			sourceTree = "<group>";
		};
/* End PBXVariantGroup section */

/* Begin XCBuildConfiguration section */
		2AC08A742AB7851A000CF9A4 /* Debug */ = {
			isa = XCBuildConfiguration;
			buildSettings = {
				ALWAYS_SEARCH_USER_PATHS = NO;
				CLANG_ANALYZER_NONNULL = YES;
				CLANG_ANALYZER_NUMBER_OBJECT_CONVERSION = YES_AGGRESSIVE;
				CLANG_CXX_LANGUAGE_STANDARD = "gnu++20";
				CLANG_ENABLE_MODULES = YES;
				CLANG_ENABLE_OBJC_ARC = YES;
				CLANG_ENABLE_OBJC_WEAK = YES;
				CLANG_WARN_BLOCK_CAPTURE_AUTORELEASING = YES;
				CLANG_WARN_BOOL_CONVERSION = YES;
				CLANG_WARN_COMMA = YES;
				CLANG_WARN_CONSTANT_CONVERSION = YES;
				CLANG_WARN_DEPRECATED_OBJC_IMPLEMENTATIONS = YES;
				CLANG_WARN_DIRECT_OBJC_ISA_USAGE = YES_ERROR;
				CLANG_WARN_DOCUMENTATION_COMMENTS = YES;
				CLANG_WARN_EMPTY_BODY = YES;
				CLANG_WARN_ENUM_CONVERSION = YES;
				CLANG_WARN_INFINITE_RECURSION = YES;
				CLANG_WARN_INT_CONVERSION = YES;
				CLANG_WARN_NON_LITERAL_NULL_CONVERSION = YES;
				CLANG_WARN_OBJC_IMPLICIT_RETAIN_SELF = YES;
				CLANG_WARN_OBJC_LITERAL_CONVERSION = YES;
				CLANG_WARN_OBJC_ROOT_CLASS = YES_ERROR;
				CLANG_WARN_QUOTED_INCLUDE_IN_FRAMEWORK_HEADER = YES;
				CLANG_WARN_RANGE_LOOP_ANALYSIS = YES;
				CLANG_WARN_STRICT_PROTOTYPES = YES;
				CLANG_WARN_SUSPICIOUS_MOVE = YES;
				CLANG_WARN_UNGUARDED_AVAILABILITY = YES_AGGRESSIVE;
				CLANG_WARN_UNREACHABLE_CODE = YES;
				CLANG_WARN__DUPLICATE_METHOD_MATCH = YES;
				COPY_PHASE_STRIP = NO;
				DEBUG_INFORMATION_FORMAT = dwarf;
				ENABLE_STRICT_OBJC_MSGSEND = YES;
				ENABLE_TESTABILITY = YES;
				GCC_C_LANGUAGE_STANDARD = gnu11;
				GCC_DYNAMIC_NO_PIC = NO;
				GCC_NO_COMMON_BLOCKS = YES;
				GCC_OPTIMIZATION_LEVEL = 0;
				GCC_PREPROCESSOR_DEFINITIONS = (
					"DEBUG=1",
					"$(inherited)",
				);
				GCC_WARN_64_TO_32_BIT_CONVERSION = YES;
				GCC_WARN_ABOUT_RETURN_TYPE = YES_ERROR;
				GCC_WARN_UNDECLARED_SELECTOR = YES;
				GCC_WARN_UNINITIALIZED_AUTOS = YES_AGGRESSIVE;
				GCC_WARN_UNUSED_FUNCTION = YES;
				GCC_WARN_UNUSED_VARIABLE = YES;
				IPHONEOS_DEPLOYMENT_TARGET = 16.4;
				MTL_ENABLE_DEBUG_INFO = INCLUDE_SOURCE;
				MTL_FAST_MATH = YES;
				ONLY_ACTIVE_ARCH = YES;
				SDKROOT = iphoneos;
				SWIFT_ACTIVE_COMPILATION_CONDITIONS = DEBUG;
				SWIFT_OPTIMIZATION_LEVEL = "-Onone";
			};
			name = Debug;
		};
		2AC08A752AB7851A000CF9A4 /* Release */ = {
			isa = XCBuildConfiguration;
			buildSettings = {
				ALWAYS_SEARCH_USER_PATHS = NO;
				CLANG_ANALYZER_NONNULL = YES;
				CLANG_ANALYZER_NUMBER_OBJECT_CONVERSION = YES_AGGRESSIVE;
				CLANG_CXX_LANGUAGE_STANDARD = "gnu++20";
				CLANG_ENABLE_MODULES = YES;
				CLANG_ENABLE_OBJC_ARC = YES;
				CLANG_ENABLE_OBJC_WEAK = YES;
				CLANG_WARN_BLOCK_CAPTURE_AUTORELEASING = YES;
				CLANG_WARN_BOOL_CONVERSION = YES;
				CLANG_WARN_COMMA = YES;
				CLANG_WARN_CONSTANT_CONVERSION = YES;
				CLANG_WARN_DEPRECATED_OBJC_IMPLEMENTATIONS = YES;
				CLANG_WARN_DIRECT_OBJC_ISA_USAGE = YES_ERROR;
				CLANG_WARN_DOCUMENTATION_COMMENTS = YES;
				CLANG_WARN_EMPTY_BODY = YES;
				CLANG_WARN_ENUM_CONVERSION = YES;
				CLANG_WARN_INFINITE_RECURSION = YES;
				CLANG_WARN_INT_CONVERSION = YES;
				CLANG_WARN_NON_LITERAL_NULL_CONVERSION = YES;
				CLANG_WARN_OBJC_IMPLICIT_RETAIN_SELF = YES;
				CLANG_WARN_OBJC_LITERAL_CONVERSION = YES;
				CLANG_WARN_OBJC_ROOT_CLASS = YES_ERROR;
				CLANG_WARN_QUOTED_INCLUDE_IN_FRAMEWORK_HEADER = YES;
				CLANG_WARN_RANGE_LOOP_ANALYSIS = YES;
				CLANG_WARN_STRICT_PROTOTYPES = YES;
				CLANG_WARN_SUSPICIOUS_MOVE = YES;
				CLANG_WARN_UNGUARDED_AVAILABILITY = YES_AGGRESSIVE;
				CLANG_WARN_UNREACHABLE_CODE = YES;
				CLANG_WARN__DUPLICATE_METHOD_MATCH = YES;
				COPY_PHASE_STRIP = NO;
				DEBUG_INFORMATION_FORMAT = "dwarf-with-dsym";
				ENABLE_NS_ASSERTIONS = NO;
				ENABLE_STRICT_OBJC_MSGSEND = YES;
				GCC_C_LANGUAGE_STANDARD = gnu11;
				GCC_NO_COMMON_BLOCKS = YES;
				GCC_WARN_64_TO_32_BIT_CONVERSION = YES;
				GCC_WARN_ABOUT_RETURN_TYPE = YES_ERROR;
				GCC_WARN_UNDECLARED_SELECTOR = YES;
				GCC_WARN_UNINITIALIZED_AUTOS = YES_AGGRESSIVE;
				GCC_WARN_UNUSED_FUNCTION = YES;
				GCC_WARN_UNUSED_VARIABLE = YES;
				IPHONEOS_DEPLOYMENT_TARGET = 16.4;
				MTL_ENABLE_DEBUG_INFO = NO;
				MTL_FAST_MATH = YES;
				SDKROOT = iphoneos;
				SWIFT_COMPILATION_MODE = wholemodule;
				SWIFT_OPTIMIZATION_LEVEL = "-O";
				VALIDATE_PRODUCT = YES;
			};
			name = Release;
		};
		2AC08A772AB7851A000CF9A4 /* Debug */ = {
			isa = XCBuildConfiguration;
			buildSettings = {
				ASSETCATALOG_COMPILER_APPICON_NAME = AppIcon;
				ASSETCATALOG_COMPILER_GLOBAL_ACCENT_COLOR_NAME = AccentColor;
				CODE_SIGN_STYLE = Automatic;
				CURRENT_PROJECT_VERSION = 1;
				DEVELOPMENT_TEAM = 476QK54UU2;
				GENERATE_INFOPLIST_FILE = YES;
				INFOPLIST_FILE = RazeCoreTesting/Info.plist;
				INFOPLIST_KEY_UIApplicationSupportsIndirectInputEvents = YES;
				INFOPLIST_KEY_UILaunchStoryboardName = LaunchScreen;
				INFOPLIST_KEY_UIMainStoryboardFile = Main;
				INFOPLIST_KEY_UISupportedInterfaceOrientations_iPad = "UIInterfaceOrientationPortrait UIInterfaceOrientationPortraitUpsideDown UIInterfaceOrientationLandscapeLeft UIInterfaceOrientationLandscapeRight";
				INFOPLIST_KEY_UISupportedInterfaceOrientations_iPhone = "UIInterfaceOrientationPortrait UIInterfaceOrientationLandscapeLeft UIInterfaceOrientationLandscapeRight";
				LD_RUNPATH_SEARCH_PATHS = (
					"$(inherited)",
					"@executable_path/Frameworks",
				);
				MARKETING_VERSION = 1.0;
				PRODUCT_BUNDLE_IDENTIFIER = "com.it-guy.RazeCoreTesting";
				PRODUCT_NAME = "$(TARGET_NAME)";
				SWIFT_EMIT_LOC_STRINGS = YES;
				SWIFT_VERSION = 5.0;
				TARGETED_DEVICE_FAMILY = "1,2";
			};
			name = Debug;
		};
		2AC08A782AB7851A000CF9A4 /* Release */ = {
			isa = XCBuildConfiguration;
			buildSettings = {
				ASSETCATALOG_COMPILER_APPICON_NAME = AppIcon;
				ASSETCATALOG_COMPILER_GLOBAL_ACCENT_COLOR_NAME = AccentColor;
				CODE_SIGN_STYLE = Automatic;
				CURRENT_PROJECT_VERSION = 1;
				DEVELOPMENT_TEAM = 476QK54UU2;
				GENERATE_INFOPLIST_FILE = YES;
				INFOPLIST_FILE = RazeCoreTesting/Info.plist;
				INFOPLIST_KEY_UIApplicationSupportsIndirectInputEvents = YES;
				INFOPLIST_KEY_UILaunchStoryboardName = LaunchScreen;
				INFOPLIST_KEY_UIMainStoryboardFile = Main;
				INFOPLIST_KEY_UISupportedInterfaceOrientations_iPad = "UIInterfaceOrientationPortrait UIInterfaceOrientationPortraitUpsideDown UIInterfaceOrientationLandscapeLeft UIInterfaceOrientationLandscapeRight";
				INFOPLIST_KEY_UISupportedInterfaceOrientations_iPhone = "UIInterfaceOrientationPortrait UIInterfaceOrientationLandscapeLeft UIInterfaceOrientationLandscapeRight";
				LD_RUNPATH_SEARCH_PATHS = (
					"$(inherited)",
					"@executable_path/Frameworks",
				);
				MARKETING_VERSION = 1.0;
				PRODUCT_BUNDLE_IDENTIFIER = "com.it-guy.RazeCoreTesting";
				PRODUCT_NAME = "$(TARGET_NAME)";
				SWIFT_EMIT_LOC_STRINGS = YES;
				SWIFT_VERSION = 5.0;
				TARGETED_DEVICE_FAMILY = "1,2";
			};
			name = Release;
		};
/* End XCBuildConfiguration section */

/* Begin XCConfigurationList section */
		2AC08A5D2AB78518000CF9A4 /* Build configuration list for PBXProject "RazeCoreTesting" */ = {
			isa = XCConfigurationList;
			buildConfigurations = (
				2AC08A742AB7851A000CF9A4 /* Debug */,
				2AC08A752AB7851A000CF9A4 /* Release */,
			);
			defaultConfigurationIsVisible = 0;
			defaultConfigurationName = Release;
		};
		2AC08A762AB7851A000CF9A4 /* Build configuration list for PBXNativeTarget "RazeCoreTesting" */ = {
			isa = XCConfigurationList;
			buildConfigurations = (
				2AC08A772AB7851A000CF9A4 /* Debug */,
				2AC08A782AB7851A000CF9A4 /* Release */,
			);
			defaultConfigurationIsVisible = 0;
			defaultConfigurationName = Release;
		};
/* End XCConfigurationList section */

/* Begin XCRemoteSwiftPackageReference section */
		2AC08A792AB78575000CF9A4 /* XCRemoteSwiftPackageReference "RazeCore" */ = {
			isa = XCRemoteSwiftPackageReference;
			repositoryURL = "https://github.com/timmitra/RazeCore";
			requirement = {
				kind = upToNextMajorVersion;
				minimumVersion = 0.1.0;
			};
		};
/* End XCRemoteSwiftPackageReference section */

/* Begin XCSwiftPackageProductDependency section */
		2A76587A2AB794B3006AF0F3 /* RazeCore */ = {
			isa = XCSwiftPackageProductDependency;
			package = 2AC08A792AB78575000CF9A4 /* XCRemoteSwiftPackageReference "RazeCore" */;
			productName = RazeCore;
		};
/* End XCSwiftPackageProductDependency section */
	};
	rootObject = 2AC08A5A2AB78518000CF9A4 /* Project object */;
}
